
Microsoft Visual Studio Solution File, Format Version 12.00
# Visual Studio 15
Project("{FAE04EC0-301F-11D3-BF4B-00C04F79EFBC}") = "Assembly-CSharp", "Assembly-CSharp.csproj", "{F2A327D9-A89C-9F6C-A7B2-2380A9976544}"
EndProject
Global
	GlobalSection(SolutionConfigurationPlatforms) = preSolution
		Debug|Any CPU = Debug|Any CPU
		Release|Any CPU = Release|Any CPU
	EndGlobalSection
	GlobalSection(ProjectConfigurationPlatforms) = postSolution
		{F2A327D9-A89C-9F6C-A7B2-2380A9976544}.Debug|Any CPU.ActiveCfg = Debug|Any CPU
		{F2A327D9-A89C-9F6C-A7B2-2380A9976544}.Debug|Any CPU.Build.0 = Debug|Any CPU
		{F2A327D9-A89C-9F6C-A7B2-2380A9976544}.Release|Any CPU.ActiveCfg = Release|Any CPU
		{F2A327D9-A89C-9F6C-A7B2-2380A9976544}.Release|Any CPU.Build.0 = Release|Any CPU
	EndGlobalSection
	GlobalSection(SolutionProperties) = preSolution
		HideSolutionNode = FALSE
	EndGlobalSection
EndGlobal
